<Solution>
  <Project Path="Partpurja Management system/Partpurja.Api.csproj" />
  <Project Path="Partpurja.Application/Partpurja.Application.csproj" Id="e9e41089-fce4-463d-9316-be55e76b219e" />
  <Project Path="Partpurja.Domain/Partpurja.Domain.csproj" Id="373d1208-f2bf-4558-80d3-8528a861e20a" />
  <Project Path="Partpurja.Infrastructure/Partpurja.Infrastructure.csproj" Id="c5e2f5ff-1748-4fd7-b3fc-ac1aa0712dd0" />
  <Project Path="Partpurja.Tests/Partpurja.Tests.csproj" />
</Solution>
